%{
  "benchfella": {:git, "https://github.com/alco/benchfella.git", "abed12d37022012133da51b4acbbf07bd61dab32", []},
  "connection": {:hex, :connection, "1.0.4", "a1cae72211f0eef17705aaededacac3eb30e6625b04a6117c1b2db6ace7d5976", [:mix], [], "hexpm"},
  "crc": {:hex, :crc, "0.5.2", "6db0c06f4bb2ae6a737a32b31fd40842774d4aae903b76e5f4dae44bd4b2742c", [:make, :mix], [], "hexpm", "625a85314772d106a81231a5648d80f4dfb8046dfdbbbb14afdb273eb3d87b6a"},
  "dialyze": {:hex, :dialyze, "0.2.1", "9fb71767f96649020d769db7cbd7290059daff23707d6e851e206b1fdfa92f9d", [:mix], [], "hexpm", "f485181fa53229356621261a384963cb47511cccf1454e82ca4fde53274fcd48"},
  "dogma": {:hex, :dogma, "0.1.13", "7b6c6ad2b3ee6501eda3bd39e197dd5198be8d520d1c175c7f713803683cf27a", [:mix], [{:poison, ">= 2.0.0", [hex: :poison, repo: "hexpm", optional: false]}], "hexpm", "0009c266d869f788fb16ea53b15c036c4d48ec4c88920710cf0ba95d74aab19d"},
  "eredis": {:hex, :eredis, "1.0.8", "ab4fda1c4ba7fbe6c19c26c249dc13da916d762502c4b4fa2df401a8d51c5364", [:rebar], [], "hexpm", "f303533e72129b264a2d8217c4ddc977c7527ff4b8a6a55f92f62b7fcc099334"},
  "eredis_cluster": {:git, "https://github.com/adrienmo/eredis_cluster.git", "b838f5f576b1dd0acf18a1e1189dc1b9f4f27224", []},
  "espec": {:git, "https://github.com/antonmi/espec.git", "a73b0067fac8b197533b514ac38c98f0795a024a", []},
  "meck": {:hex, :meck, "0.8.4", "59ca1cd971372aa223138efcf9b29475bde299e1953046a0c727184790ab1520", [:make, :rebar], [], "hexpm", "2cdfbd0edd8f62b3d2061efc03c0e490282dd2ea6de44e15d2006e83f4f8eead"},
  "poison": {:hex, :poison, "3.1.0", "d9eb636610e096f86f25d9a46f35a9facac35609a7591b3be3326e99a0484665", [:mix], [], "hexpm", "fec8660eb7733ee4117b85f55799fd3833eb769a6df71ccf8903e8dc5447cfce"},
  "poolboy": {:hex, :poolboy, "1.5.1", "6b46163901cfd0a1b43d692657ed9d7e599853b3b21b95ae5ae0a777cf9b6ca8", [:rebar], [], "hexpm", "8f7168911120e13419e086e78d20e4d1a6776f1eee2411ac9f790af10813389f"},
  "redix": {:hex, :redix, "0.10.7", "758916c71fc09e223e18d6715344581d7768c430983dabf77e792ba2087729e6", [:mix], [{:castore, "~> 0.1.0", [hex: :castore, repo: "hexpm", optional: true]}, {:telemetry, "~> 0.4.0", [hex: :telemetry, repo: "hexpm", optional: false]}], "hexpm", "73fdf73c0472278dc040dcd1a5da91d4febe218201ae8ac0454b37e136886c34"},
  "telemetry": {:hex, :telemetry, "0.4.2", "2808c992455e08d6177322f14d3bdb6b625fbcfd233a73505870d8738a2f4599", [:rebar3], [], "hexpm", "2d1419bd9dda6a206d7b5852179511722e2b18812310d304620c7bd92a13fcef"},
}
