%{"benchfella": {:git, "https://github.com/alco/benchfella.git", "ddf53d16472b2dfec55066e366a70035181533cb", []},
  "connection": {:hex, :connection, "1.0.2", "f4a06dd3ecae4141aa66f94ce92ea4c4b8753069472814932f1cadbc3078ab80", [:mix], []},
  "dialyze": {:hex, :dialyze, "0.2.0", "ecabf292e9f4bd0f7d844981f899a85c0300b30ff2dd1cdfef0c81a6496466f1", [:mix], []},
  "dogma": {:hex, :dogma, "0.0.11", "1396bfe10a962b5c5b0468eba6eb3be85d693d55f2d698fda29660a059eb2180", [:mix], [{:poison, "~> 1.0", [hex: :poison, optional: false]}]},
  "eredis": {:git, "https://github.com/wooga/eredis.git", "cbc013f516e464706493c01662e5e9dd82d1db01", [tag: "v1.0.8"]},
  "eredis_cluster": {:git, "https://github.com/adrienmo/eredis_cluster.git", "59d82059d14add2c24b2243084ab89165d3b1953", []},
  "espec": {:git, "https://github.com/antonmi/espec.git", "3b2dd8acec2b78c19e51f0a892f3e0b68614c68f", []},
  "ex_doc": {:hex, :ex_doc, "0.11.1"},
  "meck": {:hex, :meck, "0.8.3", "4628a1334c69610c5bd558b04dc78d723d8ec5445c123856de34c77f462b5ee5", [:rebar], []},
  "poison": {:hex, :poison, "1.5.0", "f2f4f460623a6f154683abae34352525e1d918380267cdbd949a07ba57503248", [:mix], []},
  "poolboy": {:hex, :poolboy, "1.5.1", "6b46163901cfd0a1b43d692657ed9d7e599853b3b21b95ae5ae0a777cf9b6ca8", [:rebar], []},
  "redix": {:hex, :redix, "0.3.1", "411dc05124f79d625b6b494d87d0b5e463a5c18b6b44b7729a0e22bc45cc1436", [:mix], [{:connection, "~> 1.0.0", [hex: :connection, optional: false]}]}}
